{
  "nodes": {
    "cachix": {
      "inputs": {
        "devenv": "devenv",
        "flake-compat": "flake-compat",
        "git-hooks": "git-hooks",
        "nixpkgs": [
          "nixpkgs"
        ]
      },
      "locked": {
        "lastModified": 1770384802,
        "narHash": "sha256-OsoT5AaxQKb4aSJcvSH3mUQpRlyUGZHDT9sg7ntBOnk=",
        "owner": "cachix",
        "repo": "cachix",
        "rev": "c66431dd80b955276fa4f50f7f1a3776d9a99ef4",
        "type": "github"
      },
      "original": {
        "owner": "cachix",
        "repo": "cachix",
        "type": "github"
      }
    },
    "cachix_2": {
      "inputs": {
        "devenv": [
          "cachix",
          "devenv"
        ],
        "flake-compat": [
          "cachix",
          "devenv",
          "flake-compat"
        ],
        "git-hooks": [
          "cachix",
          "devenv",
          "git-hooks"
        ],
        "nixpkgs": [
          "cachix",
          "devenv",
          "nixpkgs"
        ]
      },
      "locked": {
        "lastModified": 1760971495,
        "narHash": "sha256-IwnNtbNVrlZIHh7h4Wz6VP0Furxg9Hh0ycighvL5cZc=",
        "owner": "cachix",
        "repo": "cachix",
        "rev": "c5bfd933d1033672f51a863c47303fc0e093c2d2",
        "type": "github"
      },
      "original": {
        "owner": "cachix",
        "ref": "latest",
        "repo": "cachix",
        "type": "github"
      }
    },
    "compat-list-src": {
      "flake": false,
      "locked": {
        "lastModified": 1709566002,
        "narHash": "sha256-rBnsW8ijDEPCXzIkbfQnyhSFhIv91+jIkNPosVHJ2UY=",
        "owner": "flathub",
        "repo": "org.yuzu_emu.yuzu",
        "rev": "4abf1d239aba843180abfed58fa8541432fece5b",
        "type": "github"
      },
      "original": {
        "owner": "flathub",
        "repo": "org.yuzu_emu.yuzu",
        "type": "github"
      }
    },
    "cwcwm": {
      "inputs": {
        "flake-parts": "flake-parts_2",
        "nixpkgs": [
          "nixpkgs"
        ]
      },
      "locked": {
        "lastModified": 1771310399,
        "narHash": "sha256-99vGg4DXtAyGENYTOC8Cz68pdBj2xWmcgMPoOT4boXs=",
        "owner": "Cudiph",
        "repo": "cwcwm",
        "rev": "d19155b3488164dccfd6a794a6345c5436b8e1bf",
        "type": "github"
      },
      "original": {
        "owner": "Cudiph",
        "repo": "cwcwm",
        "type": "github"
      }
    },
    "devenv": {
      "inputs": {
        "cachix": "cachix_2",
        "flake-compat": [
          "cachix",
          "flake-compat"
        ],
        "flake-parts": "flake-parts",
        "git-hooks": [
          "cachix",
          "git-hooks"
        ],
        "nix": "nix",
        "nixd": "nixd",
        "nixpkgs": [
          "cachix",
          "nixpkgs"
        ]
      },
      "locked": {
        "lastModified": 1770032530,
        "narHash": "sha256-2YHjggRo5y6Z6AfRxzdg4tu71fzhczQpes/NGFiWqaw=",
        "owner": "cachix",
        "repo": "devenv",
        "rev": "043f08f5bcf8c853676a4fe7c082e6b70a0c8479",
        "type": "github"
      },
      "original": {
        "owner": "cachix",
        "repo": "devenv",
        "type": "github"
      }
    },
    "disko": {
      "inputs": {
        "nixpkgs": [
          "nixpkgs"
        ]
      },
      "locked": {
        "lastModified": 1771881364,
        "narHash": "sha256-A5uE/hMium5of/QGC6JwF5TGoDAfpNtW00T0s9u/PN8=",
        "owner": "nix-community",
        "repo": "disko",
        "rev": "a4cb7bf73f264d40560ba527f9280469f1f081c6",
        "type": "github"
      },
      "original": {
        "owner": "nix-community",
        "ref": "master",
        "repo": "disko",
        "type": "github"
      }
    },
    "flake-compat": {
      "flake": false,
      "locked": {
        "lastModified": 1767039857,
        "narHash": "sha256-vNpUSpF5Nuw8xvDLj2KCwwksIbjua2LZCqhV1LNRDns=",
        "owner": "edolstra",
        "repo": "flake-compat",
        "rev": "5edf11c44bc78a0d334f6334cdaf7d60d732daab",
        "type": "github"
      },
      "original": {
        "owner": "edolstra",
        "repo": "flake-compat",
        "type": "github"
      }
    },
    "flake-parts": {
      "inputs": {
        "nixpkgs-lib": [
          "cachix",
          "devenv",
          "nixpkgs"
        ]
      },
      "locked": {
        "lastModified": 1760948891,
        "narHash": "sha256-TmWcdiUUaWk8J4lpjzu4gCGxWY6/Ok7mOK4fIFfBuU4=",
        "owner": "hercules-ci",
        "repo": "flake-parts",
        "rev": "864599284fc7c0ba6357ed89ed5e2cd5040f0c04",
        "type": "github"
      },
      "original": {
        "owner": "hercules-ci",
        "repo": "flake-parts",
        "type": "github"
      }
    },
    "flake-parts_2": {
      "inputs": {
        "nixpkgs-lib": "nixpkgs-lib"
      },
      "locked": {
        "lastModified": 1765835352,
        "narHash": "sha256-XswHlK/Qtjasvhd1nOa1e8MgZ8GS//jBoTqWtrS1Giw=",
        "owner": "hercules-ci",
        "repo": "flake-parts",
        "rev": "a34fae9c08a15ad73f295041fec82323541400a9",
        "type": "github"
      },
      "original": {
        "owner": "hercules-ci",
        "repo": "flake-parts",
        "type": "github"
      }
    },
    "flake-root": {
      "locked": {
        "lastModified": 1723604017,
        "narHash": "sha256-rBtQ8gg+Dn4Sx/s+pvjdq3CB2wQNzx9XGFq/JVGCB6k=",
        "owner": "srid",
        "repo": "flake-root",
        "rev": "b759a56851e10cb13f6b8e5698af7b59c44be26e",
        "type": "github"
      },
      "original": {
        "owner": "srid",
        "repo": "flake-root",
        "type": "github"
      }
    },
    "git-hooks": {
      "inputs": {
        "flake-compat": [
          "cachix",
          "flake-compat"
        ],
        "gitignore": "gitignore",
        "nixpkgs": [
          "cachix",
          "nixpkgs"
        ]
      },
      "locked": {
        "lastModified": 1769939035,
        "narHash": "sha256-Fok2AmefgVA0+eprw2NDwqKkPGEI5wvR+twiZagBvrg=",
        "owner": "cachix",
        "repo": "git-hooks.nix",
        "rev": "a8ca480175326551d6c4121498316261cbb5b260",
        "type": "github"
      },
      "original": {
        "owner": "cachix",
        "repo": "git-hooks.nix",
        "type": "github"
      }
    },
    "gitignore": {
      "inputs": {
        "nixpkgs": [
          "cachix",
          "git-hooks",
          "nixpkgs"
        ]
      },
      "locked": {
        "lastModified": 1709087332,
        "narHash": "sha256-HG2cCnktfHsKV0s4XW83gU3F57gaTljL9KNSuG6bnQs=",
        "owner": "hercules-ci",
        "repo": "gitignore.nix",
        "rev": "637db329424fd7e46cf4185293b9cc8c88c95394",
        "type": "github"
      },
      "original": {
        "owner": "hercules-ci",
        "repo": "gitignore.nix",
        "type": "github"
      }
    },
    "home-manager": {
      "inputs": {
        "nixpkgs": [
          "nixpkgs"
        ]
      },
      "locked": {
        "lastModified": 1771851181,
        "narHash": "sha256-gFgE6mGUftwseV3DUENMb0k0EiHd739lZexPo5O/sdQ=",
        "owner": "nix-community",
        "repo": "home-manager",
        "rev": "9a4b494b1aa1b93d8edf167f46dc8e0c0011280c",
        "type": "github"
      },
      "original": {
        "owner": "nix-community",
        "repo": "home-manager",
        "type": "github"
      }
    },
    "jovian": {
      "inputs": {
        "nix-github-actions": "nix-github-actions",
        "nixpkgs": [
          "nixpkgs"
        ]
      },
      "locked": {
        "lastModified": 1772014238,
        "narHash": "sha256-iYLoK6Dq9cKYD6WBIxwUFFHQFxhK+ssvSRf/TWxPbUQ=",
        "owner": "Jovian-Experiments",
        "repo": "Jovian-NixOS",
        "rev": "52f140c07493f8bb6cd0773c7e1afe3e1fd1d1fa",
        "type": "github"
      },
      "original": {
        "owner": "Jovian-Experiments",
        "repo": "Jovian-NixOS",
        "type": "github"
      }
    },
    "nix": {
      "inputs": {
        "flake-compat": [
          "cachix",
          "devenv",
          "flake-compat"
        ],
        "flake-parts": [
          "cachix",
          "devenv",
          "flake-parts"
        ],
        "git-hooks-nix": [
          "cachix",
          "devenv",
          "git-hooks"
        ],
        "nixpkgs": [
          "cachix",
          "devenv",
          "nixpkgs"
        ],
        "nixpkgs-23-11": [
          "cachix",
          "devenv"
        ],
        "nixpkgs-regression": [
          "cachix",
          "devenv"
        ]
      },
      "locked": {
        "lastModified": 1769708679,
        "narHash": "sha256-uFKkp2/SjIqbu5HtINg/hwHN6qaqcxLIbL/om7dT3kI=",
        "owner": "cachix",
        "repo": "nix",
        "rev": "72bec37fabbfe378d677868ec42eeb83acf07a4c",
        "type": "github"
      },
      "original": {
        "owner": "cachix",
        "ref": "devenv-2.32",
        "repo": "nix",
        "type": "github"
      }
    },
    "nix-github-actions": {
      "inputs": {
        "nixpkgs": [
          "jovian",
          "nixpkgs"
        ]
      },
      "locked": {
        "lastModified": 1729697500,
        "narHash": "sha256-VFTWrbzDlZyFHHb1AlKRiD/qqCJIripXKiCSFS8fAOY=",
        "owner": "zhaofengli",
        "repo": "nix-github-actions",
        "rev": "e418aeb728b6aa5ca8c5c71974e7159c2df1d8cf",
        "type": "github"
      },
      "original": {
        "owner": "zhaofengli",
        "ref": "matrix-name",
        "repo": "nix-github-actions",
        "type": "github"
      }
    },
    "nixd": {
      "inputs": {
        "flake-parts": [
          "cachix",
          "devenv",
          "flake-parts"
        ],
        "flake-root": "flake-root",
        "nixpkgs": [
          "cachix",
          "devenv",
          "nixpkgs"
        ],
        "treefmt-nix": "treefmt-nix"
      },
      "locked": {
        "lastModified": 1763964548,
        "narHash": "sha256-JTRoaEWvPsVIMFJWeS4G2isPo15wqXY/otsiHPN0zww=",
        "owner": "nix-community",
        "repo": "nixd",
        "rev": "d4bf15e56540422e2acc7bc26b20b0a0934e3f5e",
        "type": "github"
      },
      "original": {
        "owner": "nix-community",
        "repo": "nixd",
        "type": "github"
      }
    },
    "nixpkgs": {
      "locked": {
        "lastModified": 1771848320,
        "narHash": "sha256-0MAd+0mun3K/Ns8JATeHT1sX28faLII5hVLq0L3BdZU=",
        "owner": "NixOS",
        "repo": "nixpkgs",
        "rev": "2fc6539b481e1d2569f25f8799236694180c0993",
        "type": "github"
      },
      "original": {
        "owner": "NixOS",
        "ref": "nixos-unstable",
        "repo": "nixpkgs",
        "type": "github"
      }
    },
    "nixpkgs-lib": {
      "locked": {
        "lastModified": 1765674936,
        "narHash": "sha256-k00uTP4JNfmejrCLJOwdObYC9jHRrr/5M/a/8L2EIdo=",
        "owner": "nix-community",
        "repo": "nixpkgs.lib",
        "rev": "2075416fcb47225d9b68ac469a5c4801a9c4dd85",
        "type": "github"
      },
      "original": {
        "owner": "nix-community",
        "repo": "nixpkgs.lib",
        "type": "github"
      }
    },
    "root": {
      "inputs": {
        "cachix": "cachix",
        "cwcwm": "cwcwm",
        "disko": "disko",
        "home-manager": "home-manager",
        "jovian": "jovian",
        "nixpkgs": "nixpkgs",
        "yuzu": "yuzu"
      }
    },
    "sudachi-src": {
      "flake": false,
      "locked": {
        "lastModified": 1713012806,
        "narHash": "sha256-QH4eP/9w00TefqxnXkzU4nLaa0buU3Y7XUt4qWql8Ic=",
        "ref": "refs/heads/main",
        "rev": "4ce69bc41f33e3816b9a73ecc6268bd808e44367",
        "revCount": 42,
        "submodules": true,
        "type": "git",
        "url": "https://github.com/sudachi-emu/sudachi.git"
      },
      "original": {
        "submodules": true,
        "type": "git",
        "url": "https://github.com/sudachi-emu/sudachi.git"
      }
    },
    "suyu-git-src": {
      "flake": false,
      "locked": {
        "lastModified": 1713495322,
        "narHash": "sha256-Jycpnfnx71alnxu+KgnOvaO26diEspx3O1dhA9OGflI=",
        "ref": "refs/heads/dev",
        "rev": "dfb9f06e5c46f251e4208adf1d4861e85b1d5eea",
        "revCount": 27428,
        "submodules": true,
        "type": "git",
        "url": "https://git.suyu.dev/suyu/suyu.git"
      },
      "original": {
        "submodules": true,
        "type": "git",
        "url": "https://git.suyu.dev/suyu/suyu.git"
      }
    },
    "treefmt-nix": {
      "inputs": {
        "nixpkgs": [
          "cachix",
          "devenv",
          "nixd",
          "nixpkgs"
        ]
      },
      "locked": {
        "lastModified": 1734704479,
        "narHash": "sha256-MMi74+WckoyEWBRcg/oaGRvXC9BVVxDZNRMpL+72wBI=",
        "owner": "numtide",
        "repo": "treefmt-nix",
        "rev": "65712f5af67234dad91a5a4baee986a8b62dbf8f",
        "type": "github"
      },
      "original": {
        "owner": "numtide",
        "repo": "treefmt-nix",
        "type": "github"
      }
    },
    "yuzu": {
      "inputs": {
        "compat-list-src": "compat-list-src",
        "nixpkgs": [
          "nixpkgs"
        ],
        "sudachi-src": "sudachi-src",
        "suyu-git-src": "suyu-git-src"
      },
      "locked": {
        "lastModified": 1715530260,
        "narHash": "sha256-PZ9iutnrWwN0UDxdKD5cvnM26WO7qLSkYXakv9ZMq00=",
        "ref": "refs/heads/main",
        "rev": "d8db2dca4a85a6e703dbccb90c931f539f4a4f7d",
        "revCount": 8,
        "type": "git",
        "url": "https://codeberg.org/K900/yuzu-flake"
      },
      "original": {
        "type": "git",
        "url": "https://codeberg.org/K900/yuzu-flake"
      }
    }
  },
  "root": "root",
  "version": 7
}
